
Microsoft Visual Studio Solution File, Format Version 12.00
# Visual Studio Version 16
VisualStudioVersion = 16.0.32413.511
MinimumVisualStudioVersion = 10.0.40219.1
Project("{FAE04EC0-301F-11D3-BF4B-00C04F79EFBC}") = "MovingHexagons", "MovingHexagons\MovingHexagons.csproj", "{930F3AC3-1DA2-4F64-AD76-A88964968640}"
EndProject
Global
	GlobalSection(SolutionConfigurationPlatforms) = preSolution
		Debug|Any CPU = Debug|Any CPU
		Release|Any CPU = Release|Any CPU
	EndGlobalSection
	GlobalSection(ProjectConfigurationPlatforms) = postSolution
		{930F3AC3-1DA2-4F64-AD76-A88964968640}.Debug|Any CPU.ActiveCfg = Debug|Any CPU
		{930F3AC3-1DA2-4F64-AD76-A88964968640}.Debug|Any CPU.Build.0 = Debug|Any CPU
		{930F3AC3-1DA2-4F64-AD76-A88964968640}.Release|Any CPU.ActiveCfg = Release|Any CPU
		{930F3AC3-1DA2-4F64-AD76-A88964968640}.Release|Any CPU.Build.0 = Release|Any CPU
	EndGlobalSection
	GlobalSection(SolutionProperties) = preSolution
		HideSolutionNode = FALSE
	EndGlobalSection
	GlobalSection(ExtensibilityGlobals) = postSolution
		SolutionGuid = {7C4B53C6-D69A-4915-B1FC-046785C0E335}
	EndGlobalSection
EndGlobal
